// !$*UTF8*$!
{
	archiveVersion = 1;
	classes = {
	};
	objectVersion = 46;
	objects = {

/* Begin PBXBuildFile section */
		093FF2D41B4D7F9600EA1DB5 /* main.m in Sources */ = {isa = PBXBuildFile; fileRef = 093FF2D31B4D7F9600EA1DB5 /* main.m */; };
		093FF2D71B4D7F9600EA1DB5 /* AppDelegate.m in Sources */ = {isa = PBXBuildFile; fileRef = 093FF2D61B4D7F9600EA1DB5 /* AppDelegate.m */; };
		093FF2DA1B4D7F9600EA1DB5 /* ViewController.m in Sources */ = {isa = PBXBuildFile; fileRef = 093FF2D91B4D7F9600EA1DB5 /* ViewController.m */; };
		093FF2DD1B4D7F9600EA1DB5 /* Main.storyboard in Resources */ = {isa = PBXBuildFile; fileRef = 093FF2DB1B4D7F9600EA1DB5 /* Main.storyboard */; };
		093FF2DF1B4D7F9600EA1DB5 /* Images.xcassets in Resources */ = {isa = PBXBuildFile; fileRef = 093FF2DE1B4D7F9600EA1DB5 /* Images.xcassets */; };
		093FF2E21B4D7F9600EA1DB5 /* LaunchScreen.xib in Resources */ = {isa = PBXBuildFile; fileRef = 093FF2E01B4D7F9600EA1DB5 /* LaunchScreen.xib */; };
		093FF2FD1B4DC02A00EA1DB5 /* NumPad.m in Sources */ = {isa = PBXBuildFile; fileRef = 093FF2FA1B4DC02A00EA1DB5 /* NumPad.m */; };
/* End PBXBuildFile section */

/* Begin PBXFileReference section */
		093FF2CE1B4D7F9600EA1DB5 /* NumPadDemo.app */ = {isa = PBXFileReference; explicitFileType = wrapper.application; includeInIndex = 0; path = NumPadDemo.app; sourceTree = BUILT_PRODUCTS_DIR; };
		093FF2D21B4D7F9600EA1DB5 /* Info.plist */ = {isa = PBXFileReference; lastKnownFileType = text.plist.xml; path = Info.plist; sourceTree = "<group>"; };
		093FF2D31B4D7F9600EA1DB5 /* main.m */ = {isa = PBXFileReference; lastKnownFileType = sourcecode.c.objc; path = main.m; sourceTree = "<group>"; };
		093FF2D51B4D7F9600EA1DB5 /* AppDelegate.h */ = {isa = PBXFileReference; lastKnownFileType = sourcecode.c.h; path = AppDelegate.h; sourceTree = "<group>"; };
		093FF2D61B4D7F9600EA1DB5 /* AppDelegate.m */ = {isa = PBXFileReference; lastKnownFileType = sourcecode.c.objc; path = AppDelegate.m; sourceTree = "<group>"; };
		093FF2D81B4D7F9600EA1DB5 /* ViewController.h */ = {isa = PBXFileReference; lastKnownFileType = sourcecode.c.h; path = ViewController.h; sourceTree = "<group>"; };
		093FF2D91B4D7F9600EA1DB5 /* ViewController.m */ = {isa = PBXFileReference; lastKnownFileType = sourcecode.c.objc; path = ViewController.m; sourceTree = "<group>"; };
		093FF2DC1B4D7F9600EA1DB5 /* Base */ = {isa = PBXFileReference; lastKnownFileType = file.storyboard; name = Base; path = Base.lproj/Main.storyboard; sourceTree = "<group>"; };
		093FF2DE1B4D7F9600EA1DB5 /* Images.xcassets */ = {isa = PBXFileReference; lastKnownFileType = folder.assetcatalog; path = Images.xcassets; sourceTree = "<group>"; };
		093FF2E11B4D7F9600EA1DB5 /* Base */ = {isa = PBXFileReference; lastKnownFileType = file.xib; name = Base; path = Base.lproj/LaunchScreen.xib; sourceTree = "<group>"; };
		093FF2F91B4DC02A00EA1DB5 /* NumPad.h */ = {isa = PBXFileReference; fileEncoding = 4; lastKnownFileType = sourcecode.c.h; path = NumPad.h; sourceTree = "<group>"; };
		093FF2FA1B4DC02A00EA1DB5 /* NumPad.m */ = {isa = PBXFileReference; fileEncoding = 4; lastKnownFileType = sourcecode.c.objc; path = NumPad.m; sourceTree = "<group>"; };
/* End PBXFileReference section */

/* Begin PBXFrameworksBuildPhase section */
		093FF2CB1B4D7F9600EA1DB5 /* Frameworks */ = {
			isa = PBXFrameworksBuildPhase;
			buildActionMask = 2147483647;
			files = (
			);
			runOnlyForDeploymentPostprocessing = 0;
		};
/* End PBXFrameworksBuildPhase section */

/* Begin PBXGroup section */
		093FF2C51B4D7F9600EA1DB5 = {
			isa = PBXGroup;
			children = (
				093FF2D01B4D7F9600EA1DB5 /* NumPadDemo */,
				093FF2CF1B4D7F9600EA1DB5 /* Products */,
			);
			sourceTree = "<group>";
		};
		093FF2CF1B4D7F9600EA1DB5 /* Products */ = {
			isa = PBXGroup;
			children = (
				093FF2CE1B4D7F9600EA1DB5 /* NumPadDemo.app */,
			);
			name = Products;
			sourceTree = "<group>";
		};
		093FF2D01B4D7F9600EA1DB5 /* NumPadDemo */ = {
			isa = PBXGroup;
			children = (
				093FF2D51B4D7F9600EA1DB5 /* AppDelegate.h */,
				093FF2D61B4D7F9600EA1DB5 /* AppDelegate.m */,
				093FF2D81B4D7F9600EA1DB5 /* ViewController.h */,
				093FF2D91B4D7F9600EA1DB5 /* ViewController.m */,
				093FF2DB1B4D7F9600EA1DB5 /* Main.storyboard */,
				093FF2DE1B4D7F9600EA1DB5 /* Images.xcassets */,
				093FF2E01B4D7F9600EA1DB5 /* LaunchScreen.xib */,
				093FF2F71B4DC02A00EA1DB5 /* NumPad */,
				093FF2D11B4D7F9600EA1DB5 /* Supporting Files */,
			);
			path = NumPadDemo;
			sourceTree = "<group>";
		};
		093FF2D11B4D7F9600EA1DB5 /* Supporting Files */ = {
			isa = PBXGroup;
			children = (
				093FF2D21B4D7F9600EA1DB5 /* Info.plist */,
				093FF2D31B4D7F9600EA1DB5 /* main.m */,
			);
			name = "Supporting Files";
			sourceTree = "<group>";
		};
		093FF2F71B4DC02A00EA1DB5 /* NumPad */ = {
			isa = PBXGroup;
			children = (
				093FF2F91B4DC02A00EA1DB5 /* NumPad.h */,
				093FF2FA1B4DC02A00EA1DB5 /* NumPad.m */,
			);
			name = NumPad;
			path = ../../NumPad;
			sourceTree = "<group>";
		};
/* End PBXGroup section */

/* Begin PBXNativeTarget section */
		093FF2CD1B4D7F9600EA1DB5 /* NumPadDemo */ = {
			isa = PBXNativeTarget;
			buildConfigurationList = 093FF2F11B4D7F9600EA1DB5 /* Build configuration list for PBXNativeTarget "NumPadDemo" */;
			buildPhases = (
				093FF2CA1B4D7F9600EA1DB5 /* Sources */,
				093FF2CB1B4D7F9600EA1DB5 /* Frameworks */,
				093FF2CC1B4D7F9600EA1DB5 /* Resources */,
			);
			buildRules = (
			);
			dependencies = (
			);
			name = NumPadDemo;
			productName = NumPadDemo;
			productReference = 093FF2CE1B4D7F9600EA1DB5 /* NumPadDemo.app */;
			productType = "com.apple.product-type.application";
		};
/* End PBXNativeTarget section */

/* Begin PBXProject section */
		093FF2C61B4D7F9600EA1DB5 /* Project object */ = {
			isa = PBXProject;
			attributes = {
				LastUpgradeCheck = 0640;
				ORGANIZATIONNAME = Pushplay.net;
				TargetAttributes = {
					093FF2CD1B4D7F9600EA1DB5 = {
						CreatedOnToolsVersion = 6.4;
					};
				};
			};
			buildConfigurationList = 093FF2C91B4D7F9600EA1DB5 /* Build configuration list for PBXProject "NumPadDemo" */;
			compatibilityVersion = "Xcode 3.2";
			developmentRegion = English;
			hasScannedForEncodings = 0;
			knownRegions = (
				en,
				Base,
			);
			mainGroup = 093FF2C51B4D7F9600EA1DB5;
			productRefGroup = 093FF2CF1B4D7F9600EA1DB5 /* Products */;
			projectDirPath = "";
			projectRoot = "";
			targets = (
				093FF2CD1B4D7F9600EA1DB5 /* NumPadDemo */,
			);
		};
/* End PBXProject section */

/* Begin PBXResourcesBuildPhase section */
		093FF2CC1B4D7F9600EA1DB5 /* Resources */ = {
			isa = PBXResourcesBuildPhase;
			buildActionMask = 2147483647;
			files = (
				093FF2DD1B4D7F9600EA1DB5 /* Main.storyboard in Resources */,
				093FF2E21B4D7F9600EA1DB5 /* LaunchScreen.xib in Resources */,
				093FF2DF1B4D7F9600EA1DB5 /* Images.xcassets in Resources */,
			);
			runOnlyForDeploymentPostprocessing = 0;
		};
/* End PBXResourcesBuildPhase section */

/* Begin PBXSourcesBuildPhase section */
		093FF2CA1B4D7F9600EA1DB5 /* Sources */ = {
			isa = PBXSourcesBuildPhase;
			buildActionMask = 2147483647;
			files = (
				093FF2FD1B4DC02A00EA1DB5 /* NumPad.m in Sources */,
				093FF2DA1B4D7F9600EA1DB5 /* ViewController.m in Sources */,
				093FF2D71B4D7F9600EA1DB5 /* AppDelegate.m in Sources */,
				093FF2D41B4D7F9600EA1DB5 /* main.m in Sources */,
			);
			runOnlyForDeploymentPostprocessing = 0;
		};
/* End PBXSourcesBuildPhase section */

/* Begin PBXVariantGroup section */
		093FF2DB1B4D7F9600EA1DB5 /* Main.storyboard */ = {
			isa = PBXVariantGroup;
			children = (
				093FF2DC1B4D7F9600EA1DB5 /* Base */,
			);
			name = Main.storyboard;
			sourceTree = "<group>";
		};
		093FF2E01B4D7F9600EA1DB5 /* LaunchScreen.xib */ = {
			isa = PBXVariantGroup;
			children = (
				093FF2E11B4D7F9600EA1DB5 /* Base */,
			);
			name = LaunchScreen.xib;
			sourceTree = "<group>";
		};
/* End PBXVariantGroup section */

/* Begin XCBuildConfiguration section */
		093FF2EF1B4D7F9600EA1DB5 /* Debug */ = {
			isa = XCBuildConfiguration;
			buildSettings = {
				ALWAYS_SEARCH_USER_PATHS = NO;
				CLANG_CXX_LANGUAGE_STANDARD = "gnu++0x";
				CLANG_CXX_LIBRARY = "libc++";
				CLANG_ENABLE_MODULES = YES;
				CLANG_ENABLE_OBJC_ARC = YES;
				CLANG_WARN_BOOL_CONVERSION = YES;
				CLANG_WARN_CONSTANT_CONVERSION = YES;
				CLANG_WARN_DIRECT_OBJC_ISA_USAGE = YES_ERROR;
				CLANG_WARN_EMPTY_BODY = YES;
				CLANG_WARN_ENUM_CONVERSION = YES;
				CLANG_WARN_INT_CONVERSION = YES;
				CLANG_WARN_OBJC_ROOT_CLASS = YES_ERROR;
				CLANG_WARN_UNREACHABLE_CODE = YES;
				CLANG_WARN__DUPLICATE_METHOD_MATCH = YES;
				"CODE_SIGN_IDENTITY[sdk=iphoneos*]" = "iPhone Developer";
				COPY_PHASE_STRIP = NO;
				DEBUG_INFORMATION_FORMAT = "dwarf-with-dsym";
				ENABLE_STRICT_OBJC_MSGSEND = YES;
				GCC_C_LANGUAGE_STANDARD = gnu99;
				GCC_DYNAMIC_NO_PIC = NO;
				GCC_NO_COMMON_BLOCKS = YES;
				GCC_OPTIMIZATION_LEVEL = 0;
				GCC_PREPROCESSOR_DEFINITIONS = (
					"DEBUG=1",
					"$(inherited)",
				);
				GCC_SYMBOLS_PRIVATE_EXTERN = NO;
				GCC_WARN_64_TO_32_BIT_CONVERSION = YES;
				GCC_WARN_ABOUT_RETURN_TYPE = YES_ERROR;
				GCC_WARN_UNDECLARED_SELECTOR = YES;
				GCC_WARN_UNINITIALIZED_AUTOS = YES_AGGRESSIVE;
				GCC_WARN_UNUSED_FUNCTION = YES;
				GCC_WARN_UNUSED_VARIABLE = YES;
				IPHONEOS_DEPLOYMENT_TARGET = 8.4;
				MTL_ENABLE_DEBUG_INFO = YES;
				ONLY_ACTIVE_ARCH = YES;
				SDKROOT = iphoneos;
				TARGETED_DEVICE_FAMILY = "1,2";
			};
			name = Debug;
		};
		093FF2F01B4D7F9600EA1DB5 /* Release */ = {
			isa = XCBuildConfiguration;
			buildSettings = {
				ALWAYS_SEARCH_USER_PATHS = NO;
				CLANG_CXX_LANGUAGE_STANDARD = "gnu++0x";
				CLANG_CXX_LIBRARY = "libc++";
				CLANG_ENABLE_MODULES = YES;
				CLANG_ENABLE_OBJC_ARC = YES;
				CLANG_WARN_BOOL_CONVERSION = YES;
				CLANG_WARN_CONSTANT_CONVERSION = YES;
				CLANG_WARN_DIRECT_OBJC_ISA_USAGE = YES_ERROR;
				CLANG_WARN_EMPTY_BODY = YES;
				CLANG_WARN_ENUM_CONVERSION = YES;
				CLANG_WARN_INT_CONVERSION = YES;
				CLANG_WARN_OBJC_ROOT_CLASS = YES_ERROR;
				CLANG_WARN_UNREACHABLE_CODE = YES;
				CLANG_WARN__DUPLICATE_METHOD_MATCH = YES;
				"CODE_SIGN_IDENTITY[sdk=iphoneos*]" = "iPhone Developer";
				COPY_PHASE_STRIP = NO;
				DEBUG_INFORMATION_FORMAT = "dwarf-with-dsym";
				ENABLE_NS_ASSERTIONS = NO;
				ENABLE_STRICT_OBJC_MSGSEND = YES;
				GCC_C_LANGUAGE_STANDARD = gnu99;
				GCC_NO_COMMON_BLOCKS = YES;
				GCC_WARN_64_TO_32_BIT_CONVERSION = YES;
				GCC_WARN_ABOUT_RETURN_TYPE = YES_ERROR;
				GCC_WARN_UNDECLARED_SELECTOR = YES;
				GCC_WARN_UNINITIALIZED_AUTOS = YES_AGGRESSIVE;
				GCC_WARN_UNUSED_FUNCTION = YES;
				GCC_WARN_UNUSED_VARIABLE = YES;
				IPHONEOS_DEPLOYMENT_TARGET = 8.4;
				MTL_ENABLE_DEBUG_INFO = NO;
				SDKROOT = iphoneos;
				TARGETED_DEVICE_FAMILY = "1,2";
				VALIDATE_PRODUCT = YES;
			};
			name = Release;
		};
		093FF2F21B4D7F9600EA1DB5 /* Debug */ = {
			isa = XCBuildConfiguration;
			buildSettings = {
				ASSETCATALOG_COMPILER_APPICON_NAME = AppIcon;
				INFOPLIST_FILE = NumPadDemo/Info.plist;
				LD_RUNPATH_SEARCH_PATHS = "$(inherited) @executable_path/Frameworks";
				PRODUCT_NAME = "$(TARGET_NAME)";
			};
			name = Debug;
		};
		093FF2F31B4D7F9600EA1DB5 /* Release */ = {
			isa = XCBuildConfiguration;
			buildSettings = {
				ASSETCATALOG_COMPILER_APPICON_NAME = AppIcon;
				INFOPLIST_FILE = NumPadDemo/Info.plist;
				LD_RUNPATH_SEARCH_PATHS = "$(inherited) @executable_path/Frameworks";
				PRODUCT_NAME = "$(TARGET_NAME)";
			};
			name = Release;
		};
/* End XCBuildConfiguration section */

/* Begin XCConfigurationList section */
		093FF2C91B4D7F9600EA1DB5 /* Build configuration list for PBXProject "NumPadDemo" */ = {
			isa = XCConfigurationList;
			buildConfigurations = (
				093FF2EF1B4D7F9600EA1DB5 /* Debug */,
				093FF2F01B4D7F9600EA1DB5 /* Release */,
			);
			defaultConfigurationIsVisible = 0;
			defaultConfigurationName = Release;
		};
		093FF2F11B4D7F9600EA1DB5 /* Build configuration list for PBXNativeTarget "NumPadDemo" */ = {
			isa = XCConfigurationList;
			buildConfigurations = (
				093FF2F21B4D7F9600EA1DB5 /* Debug */,
				093FF2F31B4D7F9600EA1DB5 /* Release */,
			);
			defaultConfigurationIsVisible = 0;
			defaultConfigurationName = Release;
		};
/* End XCConfigurationList section */
	};
	rootObject = 093FF2C61B4D7F9600EA1DB5 /* Project object */;
}
